// !$*UTF8*$!
{
	archiveVersion = 1;
	classes = {
	};
	objectVersion = 50;
	objects = {

/* Begin PBXBuildFile section */
		FA6B464821E8AC4800420F9C /* AppDelegate.swift in Sources */ = {isa = PBXBuildFile; fileRef = FA6B464721E8AC4800420F9C /* AppDelegate.swift */; };
		FA6B464A21E8AC4800420F9C /* LoginViewController.swift in Sources */ = {isa = PBXBuildFile; fileRef = FA6B464921E8AC4800420F9C /* LoginViewController.swift */; };
		FA6B464D21E8AC4800420F9C /* Main.storyboard in Resources */ = {isa = PBXBuildFile; fileRef = FA6B464B21E8AC4800420F9C /* Main.storyboard */; };
		FA6B465021E8AC4800420F9C /* seque_test.xcdatamodeld in Sources */ = {isa = PBXBuildFile; fileRef = FA6B464E21E8AC4800420F9C /* seque_test.xcdatamodeld */; };
		FA6B465221E8AC4A00420F9C /* Assets.xcassets in Resources */ = {isa = PBXBuildFile; fileRef = FA6B465121E8AC4A00420F9C /* Assets.xcassets */; };
		FA6B465521E8AC4A00420F9C /* LaunchScreen.storyboard in Resources */ = {isa = PBXBuildFile; fileRef = FA6B465321E8AC4A00420F9C /* LaunchScreen.storyboard */; };
		FA6B465D21E8B80E00420F9C /* AllCitiesController.swift in Sources */ = {isa = PBXBuildFile; fileRef = FA6B465C21E8B80E00420F9C /* AllCitiesController.swift */; };
		FA6B465F21E8B82900420F9C /* MyCitiesController.swift in Sources */ = {isa = PBXBuildFile; fileRef = FA6B465E21E8B82900420F9C /* MyCitiesController.swift */; };
		FA6B466121E8B84F00420F9C /* AllCitiesCell.swift in Sources */ = {isa = PBXBuildFile; fileRef = FA6B466021E8B84F00420F9C /* AllCitiesCell.swift */; };
		FA6B466321E8B86000420F9C /* MyCitiesCell.swift in Sources */ = {isa = PBXBuildFile; fileRef = FA6B466221E8B86000420F9C /* MyCitiesCell.swift */; };
/* End PBXBuildFile section */

/* Begin PBXFileReference section */
		FA6B464421E8AC4800420F9C /* seque_test.app */ = {isa = PBXFileReference; explicitFileType = wrapper.application; includeInIndex = 0; path = seque_test.app; sourceTree = BUILT_PRODUCTS_DIR; };
		FA6B464721E8AC4800420F9C /* AppDelegate.swift */ = {isa = PBXFileReference; lastKnownFileType = sourcecode.swift; path = AppDelegate.swift; sourceTree = "<group>"; };
		FA6B464921E8AC4800420F9C /* LoginViewController.swift */ = {isa = PBXFileReference; lastKnownFileType = sourcecode.swift; path = LoginViewController.swift; sourceTree = "<group>"; };
		FA6B464C21E8AC4800420F9C /* Base */ = {isa = PBXFileReference; lastKnownFileType = file.storyboard; name = Base; path = Base.lproj/Main.storyboard; sourceTree = "<group>"; };
		FA6B464F21E8AC4800420F9C /* seque_test.xcdatamodel */ = {isa = PBXFileReference; lastKnownFileType = wrapper.xcdatamodel; path = seque_test.xcdatamodel; sourceTree = "<group>"; };
		FA6B465121E8AC4A00420F9C /* Assets.xcassets */ = {isa = PBXFileReference; lastKnownFileType = folder.assetcatalog; path = Assets.xcassets; sourceTree = "<group>"; };
		FA6B465421E8AC4A00420F9C /* Base */ = {isa = PBXFileReference; lastKnownFileType = file.storyboard; name = Base; path = Base.lproj/LaunchScreen.storyboard; sourceTree = "<group>"; };
		FA6B465621E8AC4A00420F9C /* Info.plist */ = {isa = PBXFileReference; lastKnownFileType = text.plist.xml; path = Info.plist; sourceTree = "<group>"; };
		FA6B465C21E8B80E00420F9C /* AllCitiesController.swift */ = {isa = PBXFileReference; lastKnownFileType = sourcecode.swift; path = AllCitiesController.swift; sourceTree = "<group>"; };
		FA6B465E21E8B82900420F9C /* MyCitiesController.swift */ = {isa = PBXFileReference; lastKnownFileType = sourcecode.swift; path = MyCitiesController.swift; sourceTree = "<group>"; };
		FA6B466021E8B84F00420F9C /* AllCitiesCell.swift */ = {isa = PBXFileReference; lastKnownFileType = sourcecode.swift; path = AllCitiesCell.swift; sourceTree = "<group>"; };
		FA6B466221E8B86000420F9C /* MyCitiesCell.swift */ = {isa = PBXFileReference; lastKnownFileType = sourcecode.swift; path = MyCitiesCell.swift; sourceTree = "<group>"; };
/* End PBXFileReference section */

/* Begin PBXFrameworksBuildPhase section */
		FA6B464121E8AC4800420F9C /* Frameworks */ = {
			isa = PBXFrameworksBuildPhase;
			buildActionMask = 2147483647;
			files = (
			);
			runOnlyForDeploymentPostprocessing = 0;
		};
/* End PBXFrameworksBuildPhase section */

/* Begin PBXGroup section */
		FA6B463B21E8AC4800420F9C = {
			isa = PBXGroup;
			children = (
				FA6B464621E8AC4800420F9C /* seque_test */,
				FA6B464521E8AC4800420F9C /* Products */,
			);
			sourceTree = "<group>";
		};
		FA6B464521E8AC4800420F9C /* Products */ = {
			isa = PBXGroup;
			children = (
				FA6B464421E8AC4800420F9C /* seque_test.app */,
			);
			name = Products;
			sourceTree = "<group>";
		};
		FA6B464621E8AC4800420F9C /* seque_test */ = {
			isa = PBXGroup;
			children = (
				FA6B464721E8AC4800420F9C /* AppDelegate.swift */,
				FA6B464921E8AC4800420F9C /* LoginViewController.swift */,
				FA6B464B21E8AC4800420F9C /* Main.storyboard */,
				FA6B465C21E8B80E00420F9C /* AllCitiesController.swift */,
				FA6B465E21E8B82900420F9C /* MyCitiesController.swift */,
				FA6B466021E8B84F00420F9C /* AllCitiesCell.swift */,
				FA6B466221E8B86000420F9C /* MyCitiesCell.swift */,
				FA6B465121E8AC4A00420F9C /* Assets.xcassets */,
				FA6B465321E8AC4A00420F9C /* LaunchScreen.storyboard */,
				FA6B465621E8AC4A00420F9C /* Info.plist */,
				FA6B464E21E8AC4800420F9C /* seque_test.xcdatamodeld */,
			);
			path = seque_test;
			sourceTree = "<group>";
		};
/* End PBXGroup section */

/* Begin PBXNativeTarget section */
		FA6B464321E8AC4800420F9C /* seque_test */ = {
			isa = PBXNativeTarget;
			buildConfigurationList = FA6B465921E8AC4A00420F9C /* Build configuration list for PBXNativeTarget "seque_test" */;
			buildPhases = (
				FA6B464021E8AC4800420F9C /* Sources */,
				FA6B464121E8AC4800420F9C /* Frameworks */,
				FA6B464221E8AC4800420F9C /* Resources */,
			);
			buildRules = (
			);
			dependencies = (
			);
			name = seque_test;
			productName = seque_test;
			productReference = FA6B464421E8AC4800420F9C /* seque_test.app */;
			productType = "com.apple.product-type.application";
		};
/* End PBXNativeTarget section */

/* Begin PBXProject section */
		FA6B463C21E8AC4800420F9C /* Project object */ = {
			isa = PBXProject;
			attributes = {
				LastSwiftUpdateCheck = 1010;
				LastUpgradeCheck = 1010;
				ORGANIZATIONNAME = Alex;
				TargetAttributes = {
					FA6B464321E8AC4800420F9C = {
						CreatedOnToolsVersion = 10.1;
					};
				};
			};
			buildConfigurationList = FA6B463F21E8AC4800420F9C /* Build configuration list for PBXProject "seque_test" */;
			compatibilityVersion = "Xcode 9.3";
			developmentRegion = en;
			hasScannedForEncodings = 0;
			knownRegions = (
				en,
				Base,
			);
			mainGroup = FA6B463B21E8AC4800420F9C;
			productRefGroup = FA6B464521E8AC4800420F9C /* Products */;
			projectDirPath = "";
			projectRoot = "";
			targets = (
				FA6B464321E8AC4800420F9C /* seque_test */,
			);
		};
/* End PBXProject section */

/* Begin PBXResourcesBuildPhase section */
		FA6B464221E8AC4800420F9C /* Resources */ = {
			isa = PBXResourcesBuildPhase;
			buildActionMask = 2147483647;
			files = (
				FA6B465521E8AC4A00420F9C /* LaunchScreen.storyboard in Resources */,
				FA6B465221E8AC4A00420F9C /* Assets.xcassets in Resources */,
				FA6B464D21E8AC4800420F9C /* Main.storyboard in Resources */,
			);
			runOnlyForDeploymentPostprocessing = 0;
		};
/* End PBXResourcesBuildPhase section */

/* Begin PBXSourcesBuildPhase section */
		FA6B464021E8AC4800420F9C /* Sources */ = {
			isa = PBXSourcesBuildPhase;
			buildActionMask = 2147483647;
			files = (
				FA6B465021E8AC4800420F9C /* seque_test.xcdatamodeld in Sources */,
				FA6B464A21E8AC4800420F9C /* LoginViewController.swift in Sources */,
				FA6B465D21E8B80E00420F9C /* AllCitiesController.swift in Sources */,
				FA6B465F21E8B82900420F9C /* MyCitiesController.swift in Sources */,
				FA6B466121E8B84F00420F9C /* AllCitiesCell.swift in Sources */,
				FA6B466321E8B86000420F9C /* MyCitiesCell.swift in Sources */,
				FA6B464821E8AC4800420F9C /* AppDelegate.swift in Sources */,
			);
			runOnlyForDeploymentPostprocessing = 0;
		};
/* End PBXSourcesBuildPhase section */

/* Begin PBXVariantGroup section */
		FA6B464B21E8AC4800420F9C /* Main.storyboard */ = {
			isa = PBXVariantGroup;
			children = (
				FA6B464C21E8AC4800420F9C /* Base */,
			);
			name = Main.storyboard;
			sourceTree = "<group>";
		};
		FA6B465321E8AC4A00420F9C /* LaunchScreen.storyboard */ = {
			isa = PBXVariantGroup;
			children = (
				FA6B465421E8AC4A00420F9C /* Base */,
			);
			name = LaunchScreen.storyboard;
			sourceTree = "<group>";
		};
/* End PBXVariantGroup section */

/* Begin XCBuildConfiguration section */
		FA6B465721E8AC4A00420F9C /* Debug */ = {
			isa = XCBuildConfiguration;
			buildSettings = {
				ALWAYS_SEARCH_USER_PATHS = NO;
				CLANG_ANALYZER_NONNULL = YES;
				CLANG_ANALYZER_NUMBER_OBJECT_CONVERSION = YES_AGGRESSIVE;
				CLANG_CXX_LANGUAGE_STANDARD = "gnu++14";
				CLANG_CXX_LIBRARY = "libc++";
				CLANG_ENABLE_MODULES = YES;
				CLANG_ENABLE_OBJC_ARC = YES;
				CLANG_ENABLE_OBJC_WEAK = YES;
				CLANG_WARN_BLOCK_CAPTURE_AUTORELEASING = YES;
				CLANG_WARN_BOOL_CONVERSION = YES;
				CLANG_WARN_COMMA = YES;
				CLANG_WARN_CONSTANT_CONVERSION = YES;
				CLANG_WARN_DEPRECATED_OBJC_IMPLEMENTATIONS = YES;
				CLANG_WARN_DIRECT_OBJC_ISA_USAGE = YES_ERROR;
				CLANG_WARN_DOCUMENTATION_COMMENTS = YES;
				CLANG_WARN_EMPTY_BODY = YES;
				CLANG_WARN_ENUM_CONVERSION = YES;
				CLANG_WARN_INFINITE_RECURSION = YES;
				CLANG_WARN_INT_CONVERSION = YES;
				CLANG_WARN_NON_LITERAL_NULL_CONVERSION = YES;
				CLANG_WARN_OBJC_IMPLICIT_RETAIN_SELF = YES;
				CLANG_WARN_OBJC_LITERAL_CONVERSION = YES;
				CLANG_WARN_OBJC_ROOT_CLASS = YES_ERROR;
				CLANG_WARN_RANGE_LOOP_ANALYSIS = YES;
				CLANG_WARN_STRICT_PROTOTYPES = YES;
				CLANG_WARN_SUSPICIOUS_MOVE = YES;
				CLANG_WARN_UNGUARDED_AVAILABILITY = YES_AGGRESSIVE;
				CLANG_WARN_UNREACHABLE_CODE = YES;
				CLANG_WARN__DUPLICATE_METHOD_MATCH = YES;
				CODE_SIGN_IDENTITY = "iPhone Developer";
				COPY_PHASE_STRIP = NO;
				DEBUG_INFORMATION_FORMAT = dwarf;
				ENABLE_STRICT_OBJC_MSGSEND = YES;
				ENABLE_TESTABILITY = YES;
				GCC_C_LANGUAGE_STANDARD = gnu11;
				GCC_DYNAMIC_NO_PIC = NO;
				GCC_NO_COMMON_BLOCKS = YES;
				GCC_OPTIMIZATION_LEVEL = 0;
				GCC_PREPROCESSOR_DEFINITIONS = (
					"DEBUG=1",
					"$(inherited)",
				);
				GCC_WARN_64_TO_32_BIT_CONVERSION = YES;
				GCC_WARN_ABOUT_RETURN_TYPE = YES_ERROR;
				GCC_WARN_UNDECLARED_SELECTOR = YES;
				GCC_WARN_UNINITIALIZED_AUTOS = YES_AGGRESSIVE;
				GCC_WARN_UNUSED_FUNCTION = YES;
				GCC_WARN_UNUSED_VARIABLE = YES;
				IPHONEOS_DEPLOYMENT_TARGET = 12.1;
				MTL_ENABLE_DEBUG_INFO = INCLUDE_SOURCE;
				MTL_FAST_MATH = YES;
				ONLY_ACTIVE_ARCH = YES;
				SDKROOT = iphoneos;
				SWIFT_ACTIVE_COMPILATION_CONDITIONS = DEBUG;
				SWIFT_OPTIMIZATION_LEVEL = "-Onone";
			};
			name = Debug;
		};
		FA6B465821E8AC4A00420F9C /* Release */ = {
			isa = XCBuildConfiguration;
			buildSettings = {
				ALWAYS_SEARCH_USER_PATHS = NO;
				CLANG_ANALYZER_NONNULL = YES;
				CLANG_ANALYZER_NUMBER_OBJECT_CONVERSION = YES_AGGRESSIVE;
				CLANG_CXX_LANGUAGE_STANDARD = "gnu++14";
				CLANG_CXX_LIBRARY = "libc++";
				CLANG_ENABLE_MODULES = YES;
				CLANG_ENABLE_OBJC_ARC = YES;
				CLANG_ENABLE_OBJC_WEAK = YES;
				CLANG_WARN_BLOCK_CAPTURE_AUTORELEASING = YES;
				CLANG_WARN_BOOL_CONVERSION = YES;
				CLANG_WARN_COMMA = YES;
				CLANG_WARN_CONSTANT_CONVERSION = YES;
				CLANG_WARN_DEPRECATED_OBJC_IMPLEMENTATIONS = YES;
				CLANG_WARN_DIRECT_OBJC_ISA_USAGE = YES_ERROR;
				CLANG_WARN_DOCUMENTATION_COMMENTS = YES;
				CLANG_WARN_EMPTY_BODY = YES;
				CLANG_WARN_ENUM_CONVERSION = YES;
				CLANG_WARN_INFINITE_RECURSION = YES;
				CLANG_WARN_INT_CONVERSION = YES;
				CLANG_WARN_NON_LITERAL_NULL_CONVERSION = YES;
				CLANG_WARN_OBJC_IMPLICIT_RETAIN_SELF = YES;
				CLANG_WARN_OBJC_LITERAL_CONVERSION = YES;
				CLANG_WARN_OBJC_ROOT_CLASS = YES_ERROR;
				CLANG_WARN_RANGE_LOOP_ANALYSIS = YES;
				CLANG_WARN_STRICT_PROTOTYPES = YES;
				CLANG_WARN_SUSPICIOUS_MOVE = YES;
				CLANG_WARN_UNGUARDED_AVAILABILITY = YES_AGGRESSIVE;
				CLANG_WARN_UNREACHABLE_CODE = YES;
				CLANG_WARN__DUPLICATE_METHOD_MATCH = YES;
				CODE_SIGN_IDENTITY = "iPhone Developer";
				COPY_PHASE_STRIP = NO;
				DEBUG_INFORMATION_FORMAT = "dwarf-with-dsym";
				ENABLE_NS_ASSERTIONS = NO;
				ENABLE_STRICT_OBJC_MSGSEND = YES;
				GCC_C_LANGUAGE_STANDARD = gnu11;
				GCC_NO_COMMON_BLOCKS = YES;
				GCC_WARN_64_TO_32_BIT_CONVERSION = YES;
				GCC_WARN_ABOUT_RETURN_TYPE = YES_ERROR;
				GCC_WARN_UNDECLARED_SELECTOR = YES;
				GCC_WARN_UNINITIALIZED_AUTOS = YES_AGGRESSIVE;
				GCC_WARN_UNUSED_FUNCTION = YES;
				GCC_WARN_UNUSED_VARIABLE = YES;
				IPHONEOS_DEPLOYMENT_TARGET = 12.1;
				MTL_ENABLE_DEBUG_INFO = NO;
				MTL_FAST_MATH = YES;
				SDKROOT = iphoneos;
				SWIFT_COMPILATION_MODE = wholemodule;
				SWIFT_OPTIMIZATION_LEVEL = "-O";
				VALIDATE_PRODUCT = YES;
			};
			name = Release;
		};
		FA6B465A21E8AC4A00420F9C /* Debug */ = {
			isa = XCBuildConfiguration;
			buildSettings = {
				ASSETCATALOG_COMPILER_APPICON_NAME = AppIcon;
				CODE_SIGN_STYLE = Automatic;
				DEVELOPMENT_TEAM = D74U932N2V;
				INFOPLIST_FILE = seque_test/Info.plist;
				LD_RUNPATH_SEARCH_PATHS = (
					"$(inherited)",
					"@executable_path/Frameworks",
				);
				PRODUCT_BUNDLE_IDENTIFIER = "com.gsmagx.seque-test";
				PRODUCT_NAME = "$(TARGET_NAME)";
				SWIFT_VERSION = 4.2;
				TARGETED_DEVICE_FAMILY = "1,2";
			};
			name = Debug;
		};
		FA6B465B21E8AC4A00420F9C /* Release */ = {
			isa = XCBuildConfiguration;
			buildSettings = {
				ASSETCATALOG_COMPILER_APPICON_NAME = AppIcon;
				CODE_SIGN_STYLE = Automatic;
				DEVELOPMENT_TEAM = D74U932N2V;
				INFOPLIST_FILE = seque_test/Info.plist;
				LD_RUNPATH_SEARCH_PATHS = (
					"$(inherited)",
					"@executable_path/Frameworks",
				);
				PRODUCT_BUNDLE_IDENTIFIER = "com.gsmagx.seque-test";
				PRODUCT_NAME = "$(TARGET_NAME)";
				SWIFT_VERSION = 4.2;
				TARGETED_DEVICE_FAMILY = "1,2";
			};
			name = Release;
		};
/* End XCBuildConfiguration section */

/* Begin XCConfigurationList section */
		FA6B463F21E8AC4800420F9C /* Build configuration list for PBXProject "seque_test" */ = {
			isa = XCConfigurationList;
			buildConfigurations = (
				FA6B465721E8AC4A00420F9C /* Debug */,
				FA6B465821E8AC4A00420F9C /* Release */,
			);
			defaultConfigurationIsVisible = 0;
			defaultConfigurationName = Release;
		};
		FA6B465921E8AC4A00420F9C /* Build configuration list for PBXNativeTarget "seque_test" */ = {
			isa = XCConfigurationList;
			buildConfigurations = (
				FA6B465A21E8AC4A00420F9C /* Debug */,
				FA6B465B21E8AC4A00420F9C /* Release */,
			);
			defaultConfigurationIsVisible = 0;
			defaultConfigurationName = Release;
		};
/* End XCConfigurationList section */

/* Begin XCVersionGroup section */
		FA6B464E21E8AC4800420F9C /* seque_test.xcdatamodeld */ = {
			isa = XCVersionGroup;
			children = (
				FA6B464F21E8AC4800420F9C /* seque_test.xcdatamodel */,
			);
			currentVersion = FA6B464F21E8AC4800420F9C /* seque_test.xcdatamodel */;
			path = seque_test.xcdatamodeld;
			sourceTree = "<group>";
			versionGroupType = wrapper.xcdatamodel;
		};
/* End XCVersionGroup section */
	};
	rootObject = FA6B463C21E8AC4800420F9C /* Project object */;
}
